
Microsoft Visual Studio Solution File, Format Version 11.00
# Visual Studio 2010
Project("{8BC9CEB8-8B4A-11D0-8D11-00A0C91BC942}") = "OMS", "OMS\OMS.vcxproj", "{46D27966-E080-49B9-B923-3E4229B0874B}"
EndProject
Project("{8BC9CEB8-8B4A-11D0-8D11-00A0C91BC942}") = "GoogleTest", "GoogleTest\GoogleTest.vcxproj", "{4D300EF3-9638-4900-9147-CD4A0E110BF4}"
EndProject
Project("{8BC9CEB8-8B4A-11D0-8D11-00A0C91BC942}") = "UnitTest_OMS", "UnitTest_OMS\UnitTest_OMS.vcxproj", "{30BB1ABF-EA11-4414-AC88-70216C526DEB}"
EndProject
Project("{2150E333-8FDC-42A3-9474-1A3956D46DE8}") = "Solution Items", "Solution Items", "{BDC7DA00-8D5A-438D-9D36-E93E4B6232F8}"
	ProjectSection(SolutionItems) = preProject
		Local.testsettings = Local.testsettings
		OMS.vsmdi = OMS.vsmdi
		TraceAndTestImpact.testsettings = TraceAndTestImpact.testsettings
	EndProjectSection
EndProject
Global
	GlobalSection(TestCaseManagementSettings) = postSolution
		CategoryFile = OMS.vsmdi
	EndGlobalSection
	GlobalSection(SolutionConfigurationPlatforms) = preSolution
		Debug|Win32 = Debug|Win32
		Release|Win32 = Release|Win32
	EndGlobalSection
	GlobalSection(ProjectConfigurationPlatforms) = postSolution
		{46D27966-E080-49B9-B923-3E4229B0874B}.Debug|Win32.ActiveCfg = Debug|Win32
		{46D27966-E080-49B9-B923-3E4229B0874B}.Debug|Win32.Build.0 = Debug|Win32
		{46D27966-E080-49B9-B923-3E4229B0874B}.Release|Win32.ActiveCfg = Release|Win32
		{46D27966-E080-49B9-B923-3E4229B0874B}.Release|Win32.Build.0 = Release|Win32
		{4D300EF3-9638-4900-9147-CD4A0E110BF4}.Debug|Win32.ActiveCfg = Debug|Win32
		{4D300EF3-9638-4900-9147-CD4A0E110BF4}.Debug|Win32.Build.0 = Debug|Win32
		{4D300EF3-9638-4900-9147-CD4A0E110BF4}.Release|Win32.ActiveCfg = Release|Win32
		{4D300EF3-9638-4900-9147-CD4A0E110BF4}.Release|Win32.Build.0 = Release|Win32
		{30BB1ABF-EA11-4414-AC88-70216C526DEB}.Debug|Win32.ActiveCfg = Debug|Win32
		{30BB1ABF-EA11-4414-AC88-70216C526DEB}.Debug|Win32.Build.0 = Debug|Win32
		{30BB1ABF-EA11-4414-AC88-70216C526DEB}.Release|Win32.ActiveCfg = Release|Win32
		{30BB1ABF-EA11-4414-AC88-70216C526DEB}.Release|Win32.Build.0 = Release|Win32
	EndGlobalSection
	GlobalSection(SolutionProperties) = preSolution
		HideSolutionNode = FALSE
	EndGlobalSection
EndGlobal
